// !$*UTF8*$!
{
	archiveVersion = 1;
	classes = {
	};
	objectVersion = 46;
	objects = {

/* Begin PBXBuildFile section */
		8F049078181BC36E00F33599 /* ChatViewController.m in Sources */ = {isa = PBXBuildFile; fileRef = 8F049077181BC36E00F33599 /* ChatViewController.m */; };
		8F17E90F181EA95E007DB715 /* NSString+Height.m in Sources */ = {isa = PBXBuildFile; fileRef = 8F17E90E181EA95E007DB715 /* NSString+Height.m */; };
		8F17E912181EA971007DB715 /* IRCManager.m in Sources */ = {isa = PBXBuildFile; fileRef = 8F17E911181EA971007DB715 /* IRCManager.m */; };
		8F17E915181EA9AE007DB715 /* MessageManager.m in Sources */ = {isa = PBXBuildFile; fileRef = 8F17E914181EA9AE007DB715 /* MessageManager.m */; };
		8F3904D51F7B3F1200CCB609 /* libicucore.tbd in Frameworks */ = {isa = PBXBuildFile; fileRef = 8F3904D41F7B3F1200CCB609 /* libicucore.tbd */; };
		8F497844181ADB3100EBFC2D /* Foundation.framework in Frameworks */ = {isa = PBXBuildFile; fileRef = 8F497843181ADB3100EBFC2D /* Foundation.framework */; };
		8F497846181ADB3100EBFC2D /* CoreGraphics.framework in Frameworks */ = {isa = PBXBuildFile; fileRef = 8F497845181ADB3100EBFC2D /* CoreGraphics.framework */; };
		8F497848181ADB3100EBFC2D /* UIKit.framework in Frameworks */ = {isa = PBXBuildFile; fileRef = 8F497847181ADB3100EBFC2D /* UIKit.framework */; };
		8F49784E181ADB3100EBFC2D /* InfoPlist.strings in Resources */ = {isa = PBXBuildFile; fileRef = 8F49784C181ADB3100EBFC2D /* InfoPlist.strings */; };
		8F497850181ADB3100EBFC2D /* main.m in Sources */ = {isa = PBXBuildFile; fileRef = 8F49784F181ADB3100EBFC2D /* main.m */; };
		8F497854181ADB3100EBFC2D /* AppDelegate.m in Sources */ = {isa = PBXBuildFile; fileRef = 8F497853181ADB3100EBFC2D /* AppDelegate.m */; };
		8F49785C181ADB3100EBFC2D /* Images.xcassets in Resources */ = {isa = PBXBuildFile; fileRef = 8F49785B181ADB3100EBFC2D /* Images.xcassets */; };
		8F49787E181ADCDB00EBFC2D /* libcore.a in Frameworks */ = {isa = PBXBuildFile; fileRef = 8F49787D181ADC5200EBFC2D /* libcore.a */; };
		8F497888181ADD4B00EBFC2D /* ChannelViewController.m in Sources */ = {isa = PBXBuildFile; fileRef = 8F497883181ADD4B00EBFC2D /* ChannelViewController.m */; };
		8F497889181ADD4B00EBFC2D /* MainViewController.m in Sources */ = {isa = PBXBuildFile; fileRef = 8F497885181ADD4B00EBFC2D /* MainViewController.m */; };
		8FC706A718200191000EB8C9 /* Interlocutor.m in Sources */ = {isa = PBXBuildFile; fileRef = 8FC706A618200191000EB8C9 /* Interlocutor.m */; };
		8FFE4107181D434800DB0280 /* StartViewController.m in Sources */ = {isa = PBXBuildFile; fileRef = 8FFE4106181D434800DB0280 /* StartViewController.m */; };
		8FFE410A181D806200DB0280 /* NamesViewController.m in Sources */ = {isa = PBXBuildFile; fileRef = 8FFE4109181D806200DB0280 /* NamesViewController.m */; };
/* End PBXBuildFile section */

/* Begin PBXContainerItemProxy section */
		8F49787C181ADC5200EBFC2D /* PBXContainerItemProxy */ = {
			isa = PBXContainerItemProxy;
			containerPortal = 8F497878181ADC5200EBFC2D /* core.xcodeproj */;
			proxyType = 2;
			remoteGlobalIDString = 106B4381181A103500B62447;
			remoteInfo = core;
		};
		8F49787F181ADCE400EBFC2D /* PBXContainerItemProxy */ = {
			isa = PBXContainerItemProxy;
			containerPortal = 8F497878181ADC5200EBFC2D /* core.xcodeproj */;
			proxyType = 1;
			remoteGlobalIDString = 106B4380181A103500B62447;
			remoteInfo = core;
		};
/* End PBXContainerItemProxy section */

/* Begin PBXFileReference section */
		8F049076181BC36E00F33599 /* ChatViewController.h */ = {isa = PBXFileReference; fileEncoding = 4; lastKnownFileType = sourcecode.c.h; name = ChatViewController.h; path = Controller/ChatViewController.h; sourceTree = "<group>"; };
		8F049077181BC36E00F33599 /* ChatViewController.m */ = {isa = PBXFileReference; fileEncoding = 4; lastKnownFileType = sourcecode.c.objc; name = ChatViewController.m; path = Controller/ChatViewController.m; sourceTree = "<group>"; };
		8F17E90D181EA95E007DB715 /* NSString+Height.h */ = {isa = PBXFileReference; fileEncoding = 4; lastKnownFileType = sourcecode.c.h; name = "NSString+Height.h"; path = "Catagory/NSString+Height.h"; sourceTree = "<group>"; };
		8F17E90E181EA95E007DB715 /* NSString+Height.m */ = {isa = PBXFileReference; fileEncoding = 4; lastKnownFileType = sourcecode.c.objc; name = "NSString+Height.m"; path = "Catagory/NSString+Height.m"; sourceTree = "<group>"; };
		8F17E910181EA971007DB715 /* IRCManager.h */ = {isa = PBXFileReference; fileEncoding = 4; lastKnownFileType = sourcecode.c.h; name = IRCManager.h; path = Network/IRCManager.h; sourceTree = "<group>"; };
		8F17E911181EA971007DB715 /* IRCManager.m */ = {isa = PBXFileReference; fileEncoding = 4; lastKnownFileType = sourcecode.c.objc; name = IRCManager.m; path = Network/IRCManager.m; sourceTree = "<group>"; };
		8F17E913181EA9AE007DB715 /* MessageManager.h */ = {isa = PBXFileReference; fileEncoding = 4; lastKnownFileType = sourcecode.c.h; name = MessageManager.h; path = Controller/MessageManager.h; sourceTree = "<group>"; };
		8F17E914181EA9AE007DB715 /* MessageManager.m */ = {isa = PBXFileReference; fileEncoding = 4; lastKnownFileType = sourcecode.c.objc; name = MessageManager.m; path = Controller/MessageManager.m; sourceTree = "<group>"; };
		8F3904D41F7B3F1200CCB609 /* libicucore.tbd */ = {isa = PBXFileReference; lastKnownFileType = "sourcecode.text-based-dylib-definition"; name = libicucore.tbd; path = usr/lib/libicucore.tbd; sourceTree = SDKROOT; };
		8F497840181ADB3100EBFC2D /* irc-client.app */ = {isa = PBXFileReference; explicitFileType = wrapper.application; includeInIndex = 0; path = "irc-client.app"; sourceTree = BUILT_PRODUCTS_DIR; };
		8F497843181ADB3100EBFC2D /* Foundation.framework */ = {isa = PBXFileReference; lastKnownFileType = wrapper.framework; name = Foundation.framework; path = System/Library/Frameworks/Foundation.framework; sourceTree = SDKROOT; };
		8F497845181ADB3100EBFC2D /* CoreGraphics.framework */ = {isa = PBXFileReference; lastKnownFileType = wrapper.framework; name = CoreGraphics.framework; path = System/Library/Frameworks/CoreGraphics.framework; sourceTree = SDKROOT; };
		8F497847181ADB3100EBFC2D /* UIKit.framework */ = {isa = PBXFileReference; lastKnownFileType = wrapper.framework; name = UIKit.framework; path = System/Library/Frameworks/UIKit.framework; sourceTree = SDKROOT; };
		8F49784B181ADB3100EBFC2D /* irc-client-Info.plist */ = {isa = PBXFileReference; lastKnownFileType = text.plist.xml; path = "irc-client-Info.plist"; sourceTree = "<group>"; };
		8F49784D181ADB3100EBFC2D /* en */ = {isa = PBXFileReference; lastKnownFileType = text.plist.strings; name = en; path = en.lproj/InfoPlist.strings; sourceTree = "<group>"; };
		8F49784F181ADB3100EBFC2D /* main.m */ = {isa = PBXFileReference; lastKnownFileType = sourcecode.c.objc; path = main.m; sourceTree = "<group>"; };
		8F497851181ADB3100EBFC2D /* irc-client-Prefix.pch */ = {isa = PBXFileReference; lastKnownFileType = sourcecode.c.h; path = "irc-client-Prefix.pch"; sourceTree = "<group>"; };
		8F497852181ADB3100EBFC2D /* AppDelegate.h */ = {isa = PBXFileReference; lastKnownFileType = sourcecode.c.h; path = AppDelegate.h; sourceTree = "<group>"; };
		8F497853181ADB3100EBFC2D /* AppDelegate.m */ = {isa = PBXFileReference; lastKnownFileType = sourcecode.c.objc; path = AppDelegate.m; sourceTree = "<group>"; };
		8F49785B181ADB3100EBFC2D /* Images.xcassets */ = {isa = PBXFileReference; lastKnownFileType = folder.assetcatalog; path = Images.xcassets; sourceTree = "<group>"; };
		8F497878181ADC5200EBFC2D /* core.xcodeproj */ = {isa = PBXFileReference; lastKnownFileType = "wrapper.pb-project"; name = core.xcodeproj; path = ../core/core.xcodeproj; sourceTree = "<group>"; };
		8F497882181ADD4B00EBFC2D /* ChannelViewController.h */ = {isa = PBXFileReference; fileEncoding = 4; lastKnownFileType = sourcecode.c.h; name = ChannelViewController.h; path = Controller/ChannelViewController.h; sourceTree = "<group>"; };
		8F497883181ADD4B00EBFC2D /* ChannelViewController.m */ = {isa = PBXFileReference; fileEncoding = 4; lastKnownFileType = sourcecode.c.objc; name = ChannelViewController.m; path = Controller/ChannelViewController.m; sourceTree = "<group>"; };
		8F497884181ADD4B00EBFC2D /* MainViewController.h */ = {isa = PBXFileReference; fileEncoding = 4; lastKnownFileType = sourcecode.c.h; name = MainViewController.h; path = Controller/MainViewController.h; sourceTree = "<group>"; };
		8F497885181ADD4B00EBFC2D /* MainViewController.m */ = {isa = PBXFileReference; fileEncoding = 4; lastKnownFileType = sourcecode.c.objc; name = MainViewController.m; path = Controller/MainViewController.m; sourceTree = "<group>"; };
		8FC706A518200191000EB8C9 /* Interlocutor.h */ = {isa = PBXFileReference; fileEncoding = 4; lastKnownFileType = sourcecode.c.h; name = Interlocutor.h; path = Network/Interlocutor.h; sourceTree = "<group>"; };
		8FC706A618200191000EB8C9 /* Interlocutor.m */ = {isa = PBXFileReference; fileEncoding = 4; lastKnownFileType = sourcecode.c.objc; name = Interlocutor.m; path = Network/Interlocutor.m; sourceTree = "<group>"; };
		8FFE4105181D434800DB0280 /* StartViewController.h */ = {isa = PBXFileReference; fileEncoding = 4; lastKnownFileType = sourcecode.c.h; name = StartViewController.h; path = Controller/StartViewController.h; sourceTree = "<group>"; };
		8FFE4106181D434800DB0280 /* StartViewController.m */ = {isa = PBXFileReference; fileEncoding = 4; lastKnownFileType = sourcecode.c.objc; name = StartViewController.m; path = Controller/StartViewController.m; sourceTree = "<group>"; };
		8FFE4108181D806200DB0280 /* NamesViewController.h */ = {isa = PBXFileReference; fileEncoding = 4; lastKnownFileType = sourcecode.c.h; name = NamesViewController.h; path = Controller/NamesViewController.h; sourceTree = "<group>"; };
		8FFE4109181D806200DB0280 /* NamesViewController.m */ = {isa = PBXFileReference; fileEncoding = 4; lastKnownFileType = sourcecode.c.objc; name = NamesViewController.m; path = Controller/NamesViewController.m; sourceTree = "<group>"; };
/* End PBXFileReference section */

/* Begin PBXFrameworksBuildPhase section */
		8F49783D181ADB3100EBFC2D /* Frameworks */ = {
			isa = PBXFrameworksBuildPhase;
			buildActionMask = 2147483647;
			files = (
				8F3904D51F7B3F1200CCB609 /* libicucore.tbd in Frameworks */,
				8F49787E181ADCDB00EBFC2D /* libcore.a in Frameworks */,
				8F497846181ADB3100EBFC2D /* CoreGraphics.framework in Frameworks */,
				8F497848181ADB3100EBFC2D /* UIKit.framework in Frameworks */,
				8F497844181ADB3100EBFC2D /* Foundation.framework in Frameworks */,
			);
			runOnlyForDeploymentPostprocessing = 0;
		};
/* End PBXFrameworksBuildPhase section */

/* Begin PBXGroup section */
		8F04906C181B64EB00F33599 /* Network */ = {
			isa = PBXGroup;
			children = (
				8F17E910181EA971007DB715 /* IRCManager.h */,
				8F17E911181EA971007DB715 /* IRCManager.m */,
				8FC706A518200191000EB8C9 /* Interlocutor.h */,
				8FC706A618200191000EB8C9 /* Interlocutor.m */,
			);
			name = Network;
			sourceTree = "<group>";
		};
		8F17E90C181EA8E5007DB715 /* Catagory */ = {
			isa = PBXGroup;
			children = (
				8F17E90D181EA95E007DB715 /* NSString+Height.h */,
				8F17E90E181EA95E007DB715 /* NSString+Height.m */,
			);
			name = Catagory;
			sourceTree = "<group>";
		};
		8F497837181ADB3000EBFC2D = {
			isa = PBXGroup;
			children = (
				8F497849181ADB3100EBFC2D /* irc-client */,
				8F497842181ADB3100EBFC2D /* Frameworks */,
				8F497841181ADB3100EBFC2D /* Products */,
			);
			sourceTree = "<group>";
		};
		8F497841181ADB3100EBFC2D /* Products */ = {
			isa = PBXGroup;
			children = (
				8F497840181ADB3100EBFC2D /* irc-client.app */,
			);
			name = Products;
			sourceTree = "<group>";
		};
		8F497842181ADB3100EBFC2D /* Frameworks */ = {
			isa = PBXGroup;
			children = (
				8F3904D41F7B3F1200CCB609 /* libicucore.tbd */,
				8F497878181ADC5200EBFC2D /* core.xcodeproj */,
				8F497843181ADB3100EBFC2D /* Foundation.framework */,
				8F497845181ADB3100EBFC2D /* CoreGraphics.framework */,
				8F497847181ADB3100EBFC2D /* UIKit.framework */,
			);
			name = Frameworks;
			sourceTree = "<group>";
		};
		8F497849181ADB3100EBFC2D /* irc-client */ = {
			isa = PBXGroup;
			children = (
				8F17E90C181EA8E5007DB715 /* Catagory */,
				8F04906C181B64EB00F33599 /* Network */,
				8F497881181ADD2F00EBFC2D /* Controller */,
				8F497852181ADB3100EBFC2D /* AppDelegate.h */,
				8F497853181ADB3100EBFC2D /* AppDelegate.m */,
				8F49785B181ADB3100EBFC2D /* Images.xcassets */,
				8F49784A181ADB3100EBFC2D /* Supporting Files */,
			);
			path = "irc-client";
			sourceTree = "<group>";
		};
		8F49784A181ADB3100EBFC2D /* Supporting Files */ = {
			isa = PBXGroup;
			children = (
				8F49784B181ADB3100EBFC2D /* irc-client-Info.plist */,
				8F49784C181ADB3100EBFC2D /* InfoPlist.strings */,
				8F49784F181ADB3100EBFC2D /* main.m */,
				8F497851181ADB3100EBFC2D /* irc-client-Prefix.pch */,
			);
			name = "Supporting Files";
			sourceTree = "<group>";
		};
		8F497879181ADC5200EBFC2D /* Products */ = {
			isa = PBXGroup;
			children = (
				8F49787D181ADC5200EBFC2D /* libcore.a */,
			);
			name = Products;
			sourceTree = "<group>";
		};
		8F497881181ADD2F00EBFC2D /* Controller */ = {
			isa = PBXGroup;
			children = (
				8F497882181ADD4B00EBFC2D /* ChannelViewController.h */,
				8F497883181ADD4B00EBFC2D /* ChannelViewController.m */,
				8F497884181ADD4B00EBFC2D /* MainViewController.h */,
				8F497885181ADD4B00EBFC2D /* MainViewController.m */,
				8F049076181BC36E00F33599 /* ChatViewController.h */,
				8F049077181BC36E00F33599 /* ChatViewController.m */,
				8FFE4105181D434800DB0280 /* StartViewController.h */,
				8FFE4106181D434800DB0280 /* StartViewController.m */,
				8FFE4108181D806200DB0280 /* NamesViewController.h */,
				8FFE4109181D806200DB0280 /* NamesViewController.m */,
				8F17E913181EA9AE007DB715 /* MessageManager.h */,
				8F17E914181EA9AE007DB715 /* MessageManager.m */,
			);
			name = Controller;
			sourceTree = "<group>";
		};
/* End PBXGroup section */

/* Begin PBXNativeTarget section */
		8F49783F181ADB3100EBFC2D /* irc-client */ = {
			isa = PBXNativeTarget;
			buildConfigurationList = 8F497872181ADB3100EBFC2D /* Build configuration list for PBXNativeTarget "irc-client" */;
			buildPhases = (
				8F49783C181ADB3100EBFC2D /* Sources */,
				8F49783D181ADB3100EBFC2D /* Frameworks */,
				8F49783E181ADB3100EBFC2D /* Resources */,
			);
			buildRules = (
			);
			dependencies = (
				8F497880181ADCE400EBFC2D /* PBXTargetDependency */,
			);
			name = "irc-client";
			productName = "irc-client";
			productReference = 8F497840181ADB3100EBFC2D /* irc-client.app */;
			productType = "com.apple.product-type.application";
		};
/* End PBXNativeTarget section */

/* Begin PBXProject section */
		8F497838181ADB3000EBFC2D /* Project object */ = {
			isa = PBXProject;
			attributes = {
				LastUpgradeCheck = 0500;
				ORGANIZATIONNAME = rannger;
			};
			buildConfigurationList = 8F49783B181ADB3000EBFC2D /* Build configuration list for PBXProject "irc-client" */;
			compatibilityVersion = "Xcode 3.2";
			developmentRegion = English;
			hasScannedForEncodings = 0;
			knownRegions = (
				en,
				Base,
			);
			mainGroup = 8F497837181ADB3000EBFC2D;
			productRefGroup = 8F497841181ADB3100EBFC2D /* Products */;
			projectDirPath = "";
			projectReferences = (
				{
					ProductGroup = 8F497879181ADC5200EBFC2D /* Products */;
					ProjectRef = 8F497878181ADC5200EBFC2D /* core.xcodeproj */;
				},
			);
			projectRoot = "";
			targets = (
				8F49783F181ADB3100EBFC2D /* irc-client */,
			);
		};
/* End PBXProject section */

/* Begin PBXReferenceProxy section */
		8F49787D181ADC5200EBFC2D /* libcore.a */ = {
			isa = PBXReferenceProxy;
			fileType = archive.ar;
			path = libcore.a;
			remoteRef = 8F49787C181ADC5200EBFC2D /* PBXContainerItemProxy */;
			sourceTree = BUILT_PRODUCTS_DIR;
		};
/* End PBXReferenceProxy section */

/* Begin PBXResourcesBuildPhase section */
		8F49783E181ADB3100EBFC2D /* Resources */ = {
			isa = PBXResourcesBuildPhase;
			buildActionMask = 2147483647;
			files = (
				8F49785C181ADB3100EBFC2D /* Images.xcassets in Resources */,
				8F49784E181ADB3100EBFC2D /* InfoPlist.strings in Resources */,
			);
			runOnlyForDeploymentPostprocessing = 0;
		};
/* End PBXResourcesBuildPhase section */

/* Begin PBXSourcesBuildPhase section */
		8F49783C181ADB3100EBFC2D /* Sources */ = {
			isa = PBXSourcesBuildPhase;
			buildActionMask = 2147483647;
			files = (
				8FFE410A181D806200DB0280 /* NamesViewController.m in Sources */,
				8F497888181ADD4B00EBFC2D /* ChannelViewController.m in Sources */,
				8F497854181ADB3100EBFC2D /* AppDelegate.m in Sources */,
				8FFE4107181D434800DB0280 /* StartViewController.m in Sources */,
				8F497889181ADD4B00EBFC2D /* MainViewController.m in Sources */,
				8F17E90F181EA95E007DB715 /* NSString+Height.m in Sources */,
				8F17E912181EA971007DB715 /* IRCManager.m in Sources */,
				8F497850181ADB3100EBFC2D /* main.m in Sources */,
				8F049078181BC36E00F33599 /* ChatViewController.m in Sources */,
				8FC706A718200191000EB8C9 /* Interlocutor.m in Sources */,
				8F17E915181EA9AE007DB715 /* MessageManager.m in Sources */,
			);
			runOnlyForDeploymentPostprocessing = 0;
		};
/* End PBXSourcesBuildPhase section */

/* Begin PBXTargetDependency section */
		8F497880181ADCE400EBFC2D /* PBXTargetDependency */ = {
			isa = PBXTargetDependency;
			name = core;
			targetProxy = 8F49787F181ADCE400EBFC2D /* PBXContainerItemProxy */;
		};
/* End PBXTargetDependency section */

/* Begin PBXVariantGroup section */
		8F49784C181ADB3100EBFC2D /* InfoPlist.strings */ = {
			isa = PBXVariantGroup;
			children = (
				8F49784D181ADB3100EBFC2D /* en */,
			);
			name = InfoPlist.strings;
			sourceTree = "<group>";
		};
/* End PBXVariantGroup section */

/* Begin XCBuildConfiguration section */
		8F497870181ADB3100EBFC2D /* Debug */ = {
			isa = XCBuildConfiguration;
			buildSettings = {
				ALWAYS_SEARCH_USER_PATHS = NO;
				ARCHS = "$(ARCHS_STANDARD_INCLUDING_64_BIT)";
				CLANG_CXX_LANGUAGE_STANDARD = "gnu++0x";
				CLANG_CXX_LIBRARY = "libc++";
				CLANG_ENABLE_MODULES = YES;
				CLANG_ENABLE_OBJC_ARC = YES;
				CLANG_WARN_BOOL_CONVERSION = YES;
				CLANG_WARN_CONSTANT_CONVERSION = YES;
				CLANG_WARN_DIRECT_OBJC_ISA_USAGE = YES_ERROR;
				CLANG_WARN_EMPTY_BODY = YES;
				CLANG_WARN_ENUM_CONVERSION = YES;
				CLANG_WARN_INT_CONVERSION = YES;
				CLANG_WARN_OBJC_ROOT_CLASS = YES_ERROR;
				CLANG_WARN__DUPLICATE_METHOD_MATCH = YES;
				"CODE_SIGN_IDENTITY[sdk=iphoneos*]" = "iPhone Developer";
				COPY_PHASE_STRIP = NO;
				GCC_C_LANGUAGE_STANDARD = gnu99;
				GCC_DYNAMIC_NO_PIC = NO;
				GCC_OPTIMIZATION_LEVEL = 0;
				GCC_PREPROCESSOR_DEFINITIONS = (
					"DEBUG=1",
					"$(inherited)",
				);
				GCC_SYMBOLS_PRIVATE_EXTERN = NO;
				GCC_WARN_64_TO_32_BIT_CONVERSION = YES;
				GCC_WARN_ABOUT_RETURN_TYPE = YES_ERROR;
				GCC_WARN_UNDECLARED_SELECTOR = YES;
				GCC_WARN_UNINITIALIZED_AUTOS = YES;
				GCC_WARN_UNUSED_FUNCTION = YES;
				GCC_WARN_UNUSED_VARIABLE = YES;
				IPHONEOS_DEPLOYMENT_TARGET = 7.0;
				ONLY_ACTIVE_ARCH = YES;
				SDKROOT = iphoneos;
			};
			name = Debug;
		};
		8F497871181ADB3100EBFC2D /* Release */ = {
			isa = XCBuildConfiguration;
			buildSettings = {
				ALWAYS_SEARCH_USER_PATHS = NO;
				ARCHS = "$(ARCHS_STANDARD_INCLUDING_64_BIT)";
				CLANG_CXX_LANGUAGE_STANDARD = "gnu++0x";
				CLANG_CXX_LIBRARY = "libc++";
				CLANG_ENABLE_MODULES = YES;
				CLANG_ENABLE_OBJC_ARC = YES;
				CLANG_WARN_BOOL_CONVERSION = YES;
				CLANG_WARN_CONSTANT_CONVERSION = YES;
				CLANG_WARN_DIRECT_OBJC_ISA_USAGE = YES_ERROR;
				CLANG_WARN_EMPTY_BODY = YES;
				CLANG_WARN_ENUM_CONVERSION = YES;
				CLANG_WARN_INT_CONVERSION = YES;
				CLANG_WARN_OBJC_ROOT_CLASS = YES_ERROR;
				CLANG_WARN__DUPLICATE_METHOD_MATCH = YES;
				"CODE_SIGN_IDENTITY[sdk=iphoneos*]" = "iPhone Developer";
				COPY_PHASE_STRIP = YES;
				ENABLE_NS_ASSERTIONS = NO;
				GCC_C_LANGUAGE_STANDARD = gnu99;
				GCC_WARN_64_TO_32_BIT_CONVERSION = YES;
				GCC_WARN_ABOUT_RETURN_TYPE = YES_ERROR;
				GCC_WARN_UNDECLARED_SELECTOR = YES;
				GCC_WARN_UNINITIALIZED_AUTOS = YES;
				GCC_WARN_UNUSED_FUNCTION = YES;
				GCC_WARN_UNUSED_VARIABLE = YES;
				IPHONEOS_DEPLOYMENT_TARGET = 7.0;
				SDKROOT = iphoneos;
				VALIDATE_PRODUCT = YES;
			};
			name = Release;
		};
		8F497873181ADB3100EBFC2D /* Debug */ = {
			isa = XCBuildConfiguration;
			buildSettings = {
				ASSETCATALOG_COMPILER_APPICON_NAME = AppIcon;
				ASSETCATALOG_COMPILER_LAUNCHIMAGE_NAME = LaunchImage;
				GCC_PRECOMPILE_PREFIX_HEADER = YES;
				GCC_PREFIX_HEADER = "irc-client/irc-client-Prefix.pch";
				HEADER_SEARCH_PATHS = (
					"$(inherited)",
					/Applications/Xcode.app/Contents/Developer/Toolchains/XcodeDefault.xctoolchain/usr/include,
					"../core/core/**",
					../core/RegexKitLite,
				);
				INFOPLIST_FILE = "irc-client/irc-client-Info.plist";
				OTHER_LDFLAGS = (
					"-all_load",
					"-ObjC",
				);
				PRODUCT_NAME = "$(TARGET_NAME)";
				WRAPPER_EXTENSION = app;
			};
			name = Debug;
		};
		8F497874181ADB3100EBFC2D /* Release */ = {
			isa = XCBuildConfiguration;
			buildSettings = {
				ASSETCATALOG_COMPILER_APPICON_NAME = AppIcon;
				ASSETCATALOG_COMPILER_LAUNCHIMAGE_NAME = LaunchImage;
				GCC_PRECOMPILE_PREFIX_HEADER = YES;
				GCC_PREFIX_HEADER = "irc-client/irc-client-Prefix.pch";
				HEADER_SEARCH_PATHS = (
					"$(inherited)",
					/Applications/Xcode.app/Contents/Developer/Toolchains/XcodeDefault.xctoolchain/usr/include,
					"../core/core/**",
					../core/RegexKitLite,
				);
				INFOPLIST_FILE = "irc-client/irc-client-Info.plist";
				OTHER_LDFLAGS = (
					"-all_load",
					"-ObjC",
				);
				PRODUCT_NAME = "$(TARGET_NAME)";
				WRAPPER_EXTENSION = app;
			};
			name = Release;
		};
/* End XCBuildConfiguration section */

/* Begin XCConfigurationList section */
		8F49783B181ADB3000EBFC2D /* Build configuration list for PBXProject "irc-client" */ = {
			isa = XCConfigurationList;
			buildConfigurations = (
				8F497870181ADB3100EBFC2D /* Debug */,
				8F497871181ADB3100EBFC2D /* Release */,
			);
			defaultConfigurationIsVisible = 0;
			defaultConfigurationName = Release;
		};
		8F497872181ADB3100EBFC2D /* Build configuration list for PBXNativeTarget "irc-client" */ = {
			isa = XCConfigurationList;
			buildConfigurations = (
				8F497873181ADB3100EBFC2D /* Debug */,
				8F497874181ADB3100EBFC2D /* Release */,
			);
			defaultConfigurationIsVisible = 0;
			defaultConfigurationName = Release;
		};
/* End XCConfigurationList section */
	};
	rootObject = 8F497838181ADB3000EBFC2D /* Project object */;
}
